
Microsoft Visual Studio Solution File, Format Version 12.00
Project("{FAE04EC0-301F-11D3-BF4B-00C04F79EFBC}") = "Proyecto", "Proyecto\Proyecto.csproj", "{388EA0AB-F3CD-498C-8110-A1D59737ADC9}"
EndProject
Project("{FAE04EC0-301F-11D3-BF4B-00C04F79EFBC}") = "Application", "Application\Application.csproj", "{B6710BDB-D618-4F10-850F-FBEF22AE5D5D}"
EndProject
Project("{FAE04EC0-301F-11D3-BF4B-00C04F79EFBC}") = "Domain", "Domain\Domain.csproj", "{B2D3F376-FDC2-4C4F-A1A0-B6AFF7A95EE0}"
EndProject
Project("{FAE04EC0-301F-11D3-BF4B-00C04F79EFBC}") = "Infraestructure", "Infraestructure\Infraestructure.csproj", "{13ACB19B-ECB4-4435-9142-72B14A6CF78D}"
EndProject
Global
	GlobalSection(SolutionConfigurationPlatforms) = preSolution
		Debug|Any CPU = Debug|Any CPU
		Release|Any CPU = Release|Any CPU
	EndGlobalSection
	GlobalSection(ProjectConfigurationPlatforms) = postSolution
		{388EA0AB-F3CD-498C-8110-A1D59737ADC9}.Debug|Any CPU.ActiveCfg = Debug|Any CPU
		{388EA0AB-F3CD-498C-8110-A1D59737ADC9}.Debug|Any CPU.Build.0 = Debug|Any CPU
		{388EA0AB-F3CD-498C-8110-A1D59737ADC9}.Release|Any CPU.ActiveCfg = Release|Any CPU
		{388EA0AB-F3CD-498C-8110-A1D59737ADC9}.Release|Any CPU.Build.0 = Release|Any CPU
		{B6710BDB-D618-4F10-850F-FBEF22AE5D5D}.Debug|Any CPU.ActiveCfg = Debug|Any CPU
		{B6710BDB-D618-4F10-850F-FBEF22AE5D5D}.Debug|Any CPU.Build.0 = Debug|Any CPU
		{B6710BDB-D618-4F10-850F-FBEF22AE5D5D}.Release|Any CPU.ActiveCfg = Release|Any CPU
		{B6710BDB-D618-4F10-850F-FBEF22AE5D5D}.Release|Any CPU.Build.0 = Release|Any CPU
		{B2D3F376-FDC2-4C4F-A1A0-B6AFF7A95EE0}.Debug|Any CPU.ActiveCfg = Debug|Any CPU
		{B2D3F376-FDC2-4C4F-A1A0-B6AFF7A95EE0}.Debug|Any CPU.Build.0 = Debug|Any CPU
		{B2D3F376-FDC2-4C4F-A1A0-B6AFF7A95EE0}.Release|Any CPU.ActiveCfg = Release|Any CPU
		{B2D3F376-FDC2-4C4F-A1A0-B6AFF7A95EE0}.Release|Any CPU.Build.0 = Release|Any CPU
		{13ACB19B-ECB4-4435-9142-72B14A6CF78D}.Debug|Any CPU.ActiveCfg = Debug|Any CPU
		{13ACB19B-ECB4-4435-9142-72B14A6CF78D}.Debug|Any CPU.Build.0 = Debug|Any CPU
		{13ACB19B-ECB4-4435-9142-72B14A6CF78D}.Release|Any CPU.ActiveCfg = Release|Any CPU
		{13ACB19B-ECB4-4435-9142-72B14A6CF78D}.Release|Any CPU.Build.0 = Release|Any CPU
	EndGlobalSection
EndGlobal
